# THIS IS AN AUTOGENERATED FILE. DO NOT EDIT THIS FILE DIRECTLY.
# yarn lockfile v1


"@types/bluebird@*":
  version "3.5.36"
  resolved "https://registry.yarnpkg.com/@types/bluebird/-/bluebird-3.5.36.tgz#00d9301d4dc35c2f6465a8aec634bb533674c652"
  integrity sha512-HBNx4lhkxN7bx6P0++W8E289foSu8kO8GCk2unhuVggO+cE7rh9DhZUyPhUxNRG9m+5B5BTKxZQ5ZP92x/mx9Q==

"@types/continuation-local-storage@*":
  version "3.2.3"
  resolved "https://registry.yarnpkg.com/@types/continuation-local-storage/-/continuation-local-storage-3.2.3.tgz#e4d5b5fddae1a432b78d19d48875c7e297f566e2"
  integrity sha512-4LYeWblV+6puK9tFGM7Zr4OLZkVXmaL7hUK6/wHwbfwM+q7v+HZyBWTXkNOiC9GqOxv7ehhi5TMCbebZWeVYtw==
  dependencies:
    "@types/node" "*"

"@types/lodash@*":
  version "4.14.174"
  resolved "https://registry.yarnpkg.com/@types/lodash/-/lodash-4.14.174.tgz#b4b06b6eced9850eed6b6a8f1abdd0f5192803c1"
  integrity sha512-KMBLT6+g9qrGXpDt7ohjWPUD34WA/jasrtjTEHStF0NPdEwJ1N9SZ+4GaMVDeuk/y0+X5j9xFm6mNiXS7UoaLQ==

"@types/node@*":
  version "16.10.1"
  resolved "https://registry.yarnpkg.com/@types/node/-/node-16.10.1.tgz#f3647623199ca920960006b3dccf633ea905f243"
  integrity sha512-4/Z9DMPKFexZj/Gn3LylFgamNKHm4K3QDi0gz9B26Uk0c8izYf97B5fxfpspMNkWlFupblKM/nV8+NA9Ffvr+w==

"@types/sequelize@^4.28.10":
  version "4.28.10"
  resolved "https://registry.yarnpkg.com/@types/sequelize/-/sequelize-4.28.10.tgz#514b716718d4f6f398daaff78c05153534f2104e"
  integrity sha512-GKbEbl6uyEYTPvU2JZvmqZHfpwTTjaZvNSd2gFJrhcxUL1bcyG7i+S8Od2L0/+skrk2bBINl7J1Sugo0mgIY3g==
  dependencies:
    "@types/bluebird" "*"
    "@types/continuation-local-storage" "*"
    "@types/lodash" "*"
    "@types/validator" "*"

"@types/validator@*":
  version "13.6.3"
  resolved "https://registry.yarnpkg.com/@types/validator/-/validator-13.6.3.tgz#31ca2e997bf13a0fffca30a25747d5b9f7dbb7de"
  integrity sha512-fWG42pMJOL4jKsDDZZREnXLjc3UE0R8LOJfARWYg6U966rxDT7TYejYzLnUF5cvSObGg34nd0+H2wHHU5Omdfw==
